
Microsoft Visual Studio Solution File, Format Version 12.00
# Visual Studio Version 16
VisualStudioVersion = 16.0.29613.14
MinimumVisualStudioVersion = 10.0.40219.1
Project("{888888A0-9F3D-457C-B088-3A5042F75D52}") = "FlapPyBird2", "FlapPyBird2.pyproj", "{BF40F98D-789B-464B-A7F0-BD574A7E8AAD}"
EndProject
Project("{888888A0-9F3D-457C-B088-3A5042F75D52}") = "FlappyBird_ANN", "FlappyBird_ANN.pyproj", "{584838FF-BFC2-4950-9A25-B6A12122E399}"
EndProject
Global
	GlobalSection(SolutionConfigurationPlatforms) = preSolution
		Debug|Any CPU = Debug|Any CPU
		Release|Any CPU = Release|Any CPU
	EndGlobalSection
	GlobalSection(ProjectConfigurationPlatforms) = postSolution
		{BF40F98D-789B-464B-A7F0-BD574A7E8AAD}.Debug|Any CPU.ActiveCfg = Debug|Any CPU
		{BF40F98D-789B-464B-A7F0-BD574A7E8AAD}.Release|Any CPU.ActiveCfg = Release|Any CPU
		{584838FF-BFC2-4950-9A25-B6A12122E399}.Debug|Any CPU.ActiveCfg = Debug|Any CPU
		{584838FF-BFC2-4950-9A25-B6A12122E399}.Release|Any CPU.ActiveCfg = Release|Any CPU
	EndGlobalSection
	GlobalSection(SolutionProperties) = preSolution
		HideSolutionNode = FALSE
	EndGlobalSection
	GlobalSection(ExtensibilityGlobals) = postSolution
		SolutionGuid = {82236A0E-2649-48A2-8C0D-F9B61C69E4E6}
	EndGlobalSection
EndGlobal
